
Microsoft Visual Studio Solution File, Format Version 12.00
# Visual Studio Version 16
VisualStudioVersion = 16.0.29215.179
MinimumVisualStudioVersion = 10.0.40219.1
Project("{8BC9CEB8-8B4A-11D0-8D11-00A0C91BC942}") = "MainTask", "MainTask\MainTask.vcxproj", "{EA08BB7A-7DA4-43B1-8107-26515DE839D7}"
EndProject
Project("{8BC9CEB8-8B4A-11D0-8D11-00A0C91BC942}") = "test01Project", "test01Project\test01Project.vcxproj", "{631BFC79-1D64-4649-B5EF-2F5DE0C1CFAB}"
EndProject
Project("{8BC9CEB8-8B4A-11D0-8D11-00A0C91BC942}") = "ADSProject", "ADSProject\ADSProject.vcxproj", "{88AE63E8-F000-4286-A753-ECE842AB47F7}"
EndProject
Project("{8BC9CEB8-8B4A-11D0-8D11-00A0C91BC942}") = "IntegerProject", "IntegerProject\IntegerProject.vcxproj", "{75B25D73-4B09-4EF8-9D7E-321CD1573486}"
EndProject
Project("{8BC9CEB8-8B4A-11D0-8D11-00A0C91BC942}") = "PointProject", "PointProject\PointProject.vcxproj", "{923594A5-CE94-4D5C-8E7A-D4C724EEEE28}"
EndProject
Project("{8BC9CEB8-8B4A-11D0-8D11-00A0C91BC942}") = "AnimalProject", "AnimalProject\AnimalProject.vcxproj", "{43703EA5-20BC-4817-9243-8F97179AC26A}"
EndProject
Project("{8BC9CEB8-8B4A-11D0-8D11-00A0C91BC942}") = "TransportProject", "Transport\Transport.vcxproj", "{F4E9444B-9512-4D36-8FC7-5BF603934B36}"
EndProject
Global
	GlobalSection(SolutionConfigurationPlatforms) = preSolution
		Debug|x64 = Debug|x64
		Debug|x86 = Debug|x86
		Release|x64 = Release|x64
		Release|x86 = Release|x86
	EndGlobalSection
	GlobalSection(ProjectConfigurationPlatforms) = postSolution
		{EA08BB7A-7DA4-43B1-8107-26515DE839D7}.Debug|x64.ActiveCfg = Debug|x64
		{EA08BB7A-7DA4-43B1-8107-26515DE839D7}.Debug|x64.Build.0 = Debug|x64
		{EA08BB7A-7DA4-43B1-8107-26515DE839D7}.Debug|x86.ActiveCfg = Debug|Win32
		{EA08BB7A-7DA4-43B1-8107-26515DE839D7}.Debug|x86.Build.0 = Debug|Win32
		{EA08BB7A-7DA4-43B1-8107-26515DE839D7}.Release|x64.ActiveCfg = Release|x64
		{EA08BB7A-7DA4-43B1-8107-26515DE839D7}.Release|x64.Build.0 = Release|x64
		{EA08BB7A-7DA4-43B1-8107-26515DE839D7}.Release|x86.ActiveCfg = Release|Win32
		{EA08BB7A-7DA4-43B1-8107-26515DE839D7}.Release|x86.Build.0 = Release|Win32
		{631BFC79-1D64-4649-B5EF-2F5DE0C1CFAB}.Debug|x64.ActiveCfg = Debug|x64
		{631BFC79-1D64-4649-B5EF-2F5DE0C1CFAB}.Debug|x64.Build.0 = Debug|x64
		{631BFC79-1D64-4649-B5EF-2F5DE0C1CFAB}.Debug|x86.ActiveCfg = Debug|Win32
		{631BFC79-1D64-4649-B5EF-2F5DE0C1CFAB}.Debug|x86.Build.0 = Debug|Win32
		{631BFC79-1D64-4649-B5EF-2F5DE0C1CFAB}.Release|x64.ActiveCfg = Release|x64
		{631BFC79-1D64-4649-B5EF-2F5DE0C1CFAB}.Release|x64.Build.0 = Release|x64
		{631BFC79-1D64-4649-B5EF-2F5DE0C1CFAB}.Release|x86.ActiveCfg = Release|Win32
		{631BFC79-1D64-4649-B5EF-2F5DE0C1CFAB}.Release|x86.Build.0 = Release|Win32
		{88AE63E8-F000-4286-A753-ECE842AB47F7}.Debug|x64.ActiveCfg = Debug|x64
		{88AE63E8-F000-4286-A753-ECE842AB47F7}.Debug|x64.Build.0 = Debug|x64
		{88AE63E8-F000-4286-A753-ECE842AB47F7}.Debug|x86.ActiveCfg = Debug|Win32
		{88AE63E8-F000-4286-A753-ECE842AB47F7}.Debug|x86.Build.0 = Debug|Win32
		{88AE63E8-F000-4286-A753-ECE842AB47F7}.Release|x64.ActiveCfg = Release|x64
		{88AE63E8-F000-4286-A753-ECE842AB47F7}.Release|x64.Build.0 = Release|x64
		{88AE63E8-F000-4286-A753-ECE842AB47F7}.Release|x86.ActiveCfg = Release|Win32
		{88AE63E8-F000-4286-A753-ECE842AB47F7}.Release|x86.Build.0 = Release|Win32
		{75B25D73-4B09-4EF8-9D7E-321CD1573486}.Debug|x64.ActiveCfg = Debug|x64
		{75B25D73-4B09-4EF8-9D7E-321CD1573486}.Debug|x64.Build.0 = Debug|x64
		{75B25D73-4B09-4EF8-9D7E-321CD1573486}.Debug|x86.ActiveCfg = Debug|Win32
		{75B25D73-4B09-4EF8-9D7E-321CD1573486}.Debug|x86.Build.0 = Debug|Win32
		{75B25D73-4B09-4EF8-9D7E-321CD1573486}.Release|x64.ActiveCfg = Release|x64
		{75B25D73-4B09-4EF8-9D7E-321CD1573486}.Release|x64.Build.0 = Release|x64
		{75B25D73-4B09-4EF8-9D7E-321CD1573486}.Release|x86.ActiveCfg = Release|Win32
		{75B25D73-4B09-4EF8-9D7E-321CD1573486}.Release|x86.Build.0 = Release|Win32
		{923594A5-CE94-4D5C-8E7A-D4C724EEEE28}.Debug|x64.ActiveCfg = Debug|x64
		{923594A5-CE94-4D5C-8E7A-D4C724EEEE28}.Debug|x64.Build.0 = Debug|x64
		{923594A5-CE94-4D5C-8E7A-D4C724EEEE28}.Debug|x86.ActiveCfg = Debug|Win32
		{923594A5-CE94-4D5C-8E7A-D4C724EEEE28}.Debug|x86.Build.0 = Debug|Win32
		{923594A5-CE94-4D5C-8E7A-D4C724EEEE28}.Release|x64.ActiveCfg = Release|x64
		{923594A5-CE94-4D5C-8E7A-D4C724EEEE28}.Release|x64.Build.0 = Release|x64
		{923594A5-CE94-4D5C-8E7A-D4C724EEEE28}.Release|x86.ActiveCfg = Release|Win32
		{923594A5-CE94-4D5C-8E7A-D4C724EEEE28}.Release|x86.Build.0 = Release|Win32
		{43703EA5-20BC-4817-9243-8F97179AC26A}.Debug|x64.ActiveCfg = Debug|x64
		{43703EA5-20BC-4817-9243-8F97179AC26A}.Debug|x64.Build.0 = Debug|x64
		{43703EA5-20BC-4817-9243-8F97179AC26A}.Debug|x86.ActiveCfg = Debug|Win32
		{43703EA5-20BC-4817-9243-8F97179AC26A}.Debug|x86.Build.0 = Debug|Win32
		{43703EA5-20BC-4817-9243-8F97179AC26A}.Release|x64.ActiveCfg = Release|x64
		{43703EA5-20BC-4817-9243-8F97179AC26A}.Release|x64.Build.0 = Release|x64
		{43703EA5-20BC-4817-9243-8F97179AC26A}.Release|x86.ActiveCfg = Release|Win32
		{43703EA5-20BC-4817-9243-8F97179AC26A}.Release|x86.Build.0 = Release|Win32
		{F4E9444B-9512-4D36-8FC7-5BF603934B36}.Debug|x64.ActiveCfg = Debug|x64
		{F4E9444B-9512-4D36-8FC7-5BF603934B36}.Debug|x64.Build.0 = Debug|x64
		{F4E9444B-9512-4D36-8FC7-5BF603934B36}.Debug|x86.ActiveCfg = Debug|Win32
		{F4E9444B-9512-4D36-8FC7-5BF603934B36}.Debug|x86.Build.0 = Debug|Win32
		{F4E9444B-9512-4D36-8FC7-5BF603934B36}.Release|x64.ActiveCfg = Release|x64
		{F4E9444B-9512-4D36-8FC7-5BF603934B36}.Release|x64.Build.0 = Release|x64
		{F4E9444B-9512-4D36-8FC7-5BF603934B36}.Release|x86.ActiveCfg = Release|Win32
		{F4E9444B-9512-4D36-8FC7-5BF603934B36}.Release|x86.Build.0 = Release|Win32
	EndGlobalSection
	GlobalSection(SolutionProperties) = preSolution
		HideSolutionNode = FALSE
	EndGlobalSection
	GlobalSection(ExtensibilityGlobals) = postSolution
		SolutionGuid = {60303079-69DF-4774-92BB-BE094B714697}
	EndGlobalSection
EndGlobal
